// !$*UTF8*$!
{
	archiveVersion = 1;
	classes = {
	};
	objectVersion = 50;
	objects = {

/* Begin PBXBuildFile section */
		36521EB32452970C00CB6C00 /* AppDelegate.swift in Sources */ = {isa = PBXBuildFile; fileRef = 36521EB22452970C00CB6C00 /* AppDelegate.swift */; };
		36521EB52452970C00CB6C00 /* SceneDelegate.swift in Sources */ = {isa = PBXBuildFile; fileRef = 36521EB42452970C00CB6C00 /* SceneDelegate.swift */; };
		36521EB72452970C00CB6C00 /* FirstViewController.swift in Sources */ = {isa = PBXBuildFile; fileRef = 36521EB62452970C00CB6C00 /* FirstViewController.swift */; };
		36521EB92452970C00CB6C00 /* SecondViewController.swift in Sources */ = {isa = PBXBuildFile; fileRef = 36521EB82452970C00CB6C00 /* SecondViewController.swift */; };
		36521EBC2452970C00CB6C00 /* Main.storyboard in Resources */ = {isa = PBXBuildFile; fileRef = 36521EBA2452970C00CB6C00 /* Main.storyboard */; };
		36521EBE2452970F00CB6C00 /* Assets.xcassets in Resources */ = {isa = PBXBuildFile; fileRef = 36521EBD2452970F00CB6C00 /* Assets.xcassets */; };
		36521EC12452970F00CB6C00 /* LaunchScreen.storyboard in Resources */ = {isa = PBXBuildFile; fileRef = 36521EBF2452970F00CB6C00 /* LaunchScreen.storyboard */; };
		36521ECC2452970F00CB6C00 /* TwitterReporteriOSTests.swift in Sources */ = {isa = PBXBuildFile; fileRef = 36521ECB2452970F00CB6C00 /* TwitterReporteriOSTests.swift */; };
		36521ED72452970F00CB6C00 /* TwitterReporteriOSUITests.swift in Sources */ = {isa = PBXBuildFile; fileRef = 36521ED62452970F00CB6C00 /* TwitterReporteriOSUITests.swift */; };
		36521EEB245297AF00CB6C00 /* NotificationService.swift in Sources */ = {isa = PBXBuildFile; fileRef = 36521EEA245297AF00CB6C00 /* NotificationService.swift */; };
		36521EEF245297AF00CB6C00 /* OneSignalNotificationServiceExtension.appex in Embed App Extensions */ = {isa = PBXBuildFile; fileRef = 36521EE8245297AF00CB6C00 /* OneSignalNotificationServiceExtension.appex */; settings = {ATTRIBUTES = (RemoveHeadersOnCopy, ); }; };
		36521F022452A40600CB6C00 /* security.png in Resources */ = {isa = PBXBuildFile; fileRef = 36521EF62452A40500CB6C00 /* security.png */; };
		36521F032452A40600CB6C00 /* privacy.png in Resources */ = {isa = PBXBuildFile; fileRef = 36521EF72452A40500CB6C00 /* privacy.png */; };
		36521F042452A40600CB6C00 /* tutorial.png in Resources */ = {isa = PBXBuildFile; fileRef = 36521EF82452A40500CB6C00 /* tutorial.png */; };
		36521F052452A40600CB6C00 /* logout.png in Resources */ = {isa = PBXBuildFile; fileRef = 36521EF92452A40500CB6C00 /* logout.png */; };
		36521F062452A40600CB6C00 /* notification@4x.png in Resources */ = {isa = PBXBuildFile; fileRef = 36521EFA2452A40500CB6C00 /* notification@4x.png */; };
		36521F072452A40600CB6C00 /* notification_filled@1x.png in Resources */ = {isa = PBXBuildFile; fileRef = 36521EFB2452A40500CB6C00 /* notification_filled@1x.png */; };
		36521F082452A40600CB6C00 /* notification_filled@3x.png in Resources */ = {isa = PBXBuildFile; fileRef = 36521EFC2452A40500CB6C00 /* notification_filled@3x.png */; };
		36521F092452A40600CB6C00 /* notifications.png in Resources */ = {isa = PBXBuildFile; fileRef = 36521EFD2452A40500CB6C00 /* notifications.png */; };
		36521F0A2452A40600CB6C00 /* notification_filled@2x.png in Resources */ = {isa = PBXBuildFile; fileRef = 36521EFE2452A40500CB6C00 /* notification_filled@2x.png */; };
		36521F0B2452A40600CB6C00 /* settings.png in Resources */ = {isa = PBXBuildFile; fileRef = 36521EFF2452A40500CB6C00 /* settings.png */; };
		36521F0C2452A40600CB6C00 /* SettingsSmall@3x.png in Resources */ = {isa = PBXBuildFile; fileRef = 36521F002452A40600CB6C00 /* SettingsSmall@3x.png */; };
		36521F0D2452A40600CB6C00 /* SettingsSmall@2x.png in Resources */ = {isa = PBXBuildFile; fileRef = 36521F012452A40600CB6C00 /* SettingsSmall@2x.png */; };
		36521F112452A8BD00CB6C00 /* retweet@2x.png in Resources */ = {isa = PBXBuildFile; fileRef = 36521F0E2452A8BD00CB6C00 /* retweet@2x.png */; };
		36521F122452A8BD00CB6C00 /* heartFilled@2x.png in Resources */ = {isa = PBXBuildFile; fileRef = 36521F0F2452A8BD00CB6C00 /* heartFilled@2x.png */; };
		36521F132452A8BD00CB6C00 /* heart@2x.png in Resources */ = {isa = PBXBuildFile; fileRef = 36521F102452A8BD00CB6C00 /* heart@2x.png */; };
		441F64DEE39056D96EE9E78D /* Pods_OneSignalNotificationServiceExtension.framework in Frameworks */ = {isa = PBXBuildFile; fileRef = 6B7EAA76C12A588591152814 /* Pods_OneSignalNotificationServiceExtension.framework */; };
		55AB0ECED81C528C1A64348E /* Pods_TwitterReporteriOS_TwitterReporteriOSUITests.framework in Frameworks */ = {isa = PBXBuildFile; fileRef = B562612E7C76DCA69110BA59 /* Pods_TwitterReporteriOS_TwitterReporteriOSUITests.framework */; };
		807BFDFB6C1A8F3D32871194 /* Pods_TwitterReporteriOSTests.framework in Frameworks */ = {isa = PBXBuildFile; fileRef = 05433F92AE414E79FD8B2899 /* Pods_TwitterReporteriOSTests.framework */; };
		AD0564C709BED09C634F61CC /* Pods_TwitterReporteriOS.framework in Frameworks */ = {isa = PBXBuildFile; fileRef = BCD06BAFDA83437605F44C02 /* Pods_TwitterReporteriOS.framework */; };
/* End PBXBuildFile section */

/* Begin PBXContainerItemProxy section */
		36521EC82452970F00CB6C00 /* PBXContainerItemProxy */ = {
			isa = PBXContainerItemProxy;
			containerPortal = 36521EA72452970C00CB6C00 /* Project object */;
			proxyType = 1;
			remoteGlobalIDString = 36521EAE2452970C00CB6C00;
			remoteInfo = TwitterReporteriOS;
		};
		36521ED32452970F00CB6C00 /* PBXContainerItemProxy */ = {
			isa = PBXContainerItemProxy;
			containerPortal = 36521EA72452970C00CB6C00 /* Project object */;
			proxyType = 1;
			remoteGlobalIDString = 36521EAE2452970C00CB6C00;
			remoteInfo = TwitterReporteriOS;
		};
		36521EED245297AF00CB6C00 /* PBXContainerItemProxy */ = {
			isa = PBXContainerItemProxy;
			containerPortal = 36521EA72452970C00CB6C00 /* Project object */;
			proxyType = 1;
			remoteGlobalIDString = 36521EE7245297AF00CB6C00;
			remoteInfo = OneSignalNotificationServiceExtension;
		};
/* End PBXContainerItemProxy section */

/* Begin PBXCopyFilesBuildPhase section */
		36521EF0245297AF00CB6C00 /* Embed App Extensions */ = {
			isa = PBXCopyFilesBuildPhase;
			buildActionMask = 2147483647;
			dstPath = "";
			dstSubfolderSpec = 13;
			files = (
				36521EEF245297AF00CB6C00 /* OneSignalNotificationServiceExtension.appex in Embed App Extensions */,
			);
			name = "Embed App Extensions";
			runOnlyForDeploymentPostprocessing = 0;
		};
/* End PBXCopyFilesBuildPhase section */

/* Begin PBXFileReference section */
		05433F92AE414E79FD8B2899 /* Pods_TwitterReporteriOSTests.framework */ = {isa = PBXFileReference; explicitFileType = wrapper.framework; includeInIndex = 0; path = Pods_TwitterReporteriOSTests.framework; sourceTree = BUILT_PRODUCTS_DIR; };
		0A56B982538B1CA539E6E897 /* Pods-TwitterReporteriOS.debug.xcconfig */ = {isa = PBXFileReference; includeInIndex = 1; lastKnownFileType = text.xcconfig; name = "Pods-TwitterReporteriOS.debug.xcconfig"; path = "Target Support Files/Pods-TwitterReporteriOS/Pods-TwitterReporteriOS.debug.xcconfig"; sourceTree = "<group>"; };
		2C539B2E29E619CFD460BEE3 /* Pods-TwitterReporteriOSTests.debug.xcconfig */ = {isa = PBXFileReference; includeInIndex = 1; lastKnownFileType = text.xcconfig; name = "Pods-TwitterReporteriOSTests.debug.xcconfig"; path = "Target Support Files/Pods-TwitterReporteriOSTests/Pods-TwitterReporteriOSTests.debug.xcconfig"; sourceTree = "<group>"; };
		36521EAF2452970C00CB6C00 /* TwitterReporteriOS.app */ = {isa = PBXFileReference; explicitFileType = wrapper.application; includeInIndex = 0; path = TwitterReporteriOS.app; sourceTree = BUILT_PRODUCTS_DIR; };
		36521EB22452970C00CB6C00 /* AppDelegate.swift */ = {isa = PBXFileReference; lastKnownFileType = sourcecode.swift; path = AppDelegate.swift; sourceTree = "<group>"; };
		36521EB42452970C00CB6C00 /* SceneDelegate.swift */ = {isa = PBXFileReference; lastKnownFileType = sourcecode.swift; path = SceneDelegate.swift; sourceTree = "<group>"; };
		36521EB62452970C00CB6C00 /* FirstViewController.swift */ = {isa = PBXFileReference; lastKnownFileType = sourcecode.swift; path = FirstViewController.swift; sourceTree = "<group>"; };
		36521EB82452970C00CB6C00 /* SecondViewController.swift */ = {isa = PBXFileReference; lastKnownFileType = sourcecode.swift; path = SecondViewController.swift; sourceTree = "<group>"; };
		36521EBB2452970C00CB6C00 /* Base */ = {isa = PBXFileReference; lastKnownFileType = file.storyboard; name = Base; path = Base.lproj/Main.storyboard; sourceTree = "<group>"; };
		36521EBD2452970F00CB6C00 /* Assets.xcassets */ = {isa = PBXFileReference; lastKnownFileType = folder.assetcatalog; path = Assets.xcassets; sourceTree = "<group>"; };
		36521EC02452970F00CB6C00 /* Base */ = {isa = PBXFileReference; lastKnownFileType = file.storyboard; name = Base; path = Base.lproj/LaunchScreen.storyboard; sourceTree = "<group>"; };
		36521EC22452970F00CB6C00 /* Info.plist */ = {isa = PBXFileReference; lastKnownFileType = text.plist.xml; path = Info.plist; sourceTree = "<group>"; };
		36521EC72452970F00CB6C00 /* TwitterReporteriOSTests.xctest */ = {isa = PBXFileReference; explicitFileType = wrapper.cfbundle; includeInIndex = 0; path = TwitterReporteriOSTests.xctest; sourceTree = BUILT_PRODUCTS_DIR; };
		36521ECB2452970F00CB6C00 /* TwitterReporteriOSTests.swift */ = {isa = PBXFileReference; lastKnownFileType = sourcecode.swift; path = TwitterReporteriOSTests.swift; sourceTree = "<group>"; };
		36521ECD2452970F00CB6C00 /* Info.plist */ = {isa = PBXFileReference; lastKnownFileType = text.plist.xml; path = Info.plist; sourceTree = "<group>"; };
		36521ED22452970F00CB6C00 /* TwitterReporteriOSUITests.xctest */ = {isa = PBXFileReference; explicitFileType = wrapper.cfbundle; includeInIndex = 0; path = TwitterReporteriOSUITests.xctest; sourceTree = BUILT_PRODUCTS_DIR; };
		36521ED62452970F00CB6C00 /* TwitterReporteriOSUITests.swift */ = {isa = PBXFileReference; lastKnownFileType = sourcecode.swift; path = TwitterReporteriOSUITests.swift; sourceTree = "<group>"; };
		36521ED82452970F00CB6C00 /* Info.plist */ = {isa = PBXFileReference; lastKnownFileType = text.plist.xml; path = Info.plist; sourceTree = "<group>"; };
		36521EE8245297AF00CB6C00 /* OneSignalNotificationServiceExtension.appex */ = {isa = PBXFileReference; explicitFileType = "wrapper.app-extension"; includeInIndex = 0; path = OneSignalNotificationServiceExtension.appex; sourceTree = BUILT_PRODUCTS_DIR; };
		36521EEA245297AF00CB6C00 /* NotificationService.swift */ = {isa = PBXFileReference; lastKnownFileType = sourcecode.swift; path = NotificationService.swift; sourceTree = "<group>"; };
		36521EEC245297AF00CB6C00 /* Info.plist */ = {isa = PBXFileReference; lastKnownFileType = text.plist.xml; path = Info.plist; sourceTree = "<group>"; };
		36521EF42452994E00CB6C00 /* TwitterReporteriOS.entitlements */ = {isa = PBXFileReference; lastKnownFileType = text.plist.entitlements; path = TwitterReporteriOS.entitlements; sourceTree = "<group>"; };
		36521EF62452A40500CB6C00 /* security.png */ = {isa = PBXFileReference; lastKnownFileType = image.png; name = security.png; path = ../../../security.png; sourceTree = "<group>"; };
		36521EF72452A40500CB6C00 /* privacy.png */ = {isa = PBXFileReference; lastKnownFileType = image.png; name = privacy.png; path = ../../../privacy.png; sourceTree = "<group>"; };
		36521EF82452A40500CB6C00 /* tutorial.png */ = {isa = PBXFileReference; lastKnownFileType = image.png; name = tutorial.png; path = ../../../tutorial.png; sourceTree = "<group>"; };
		36521EF92452A40500CB6C00 /* logout.png */ = {isa = PBXFileReference; lastKnownFileType = image.png; name = logout.png; path = ../../../logout.png; sourceTree = "<group>"; };
		36521EFA2452A40500CB6C00 /* notification@4x.png */ = {isa = PBXFileReference; lastKnownFileType = image.png; name = "notification@4x.png"; path = "../../../notification@4x.png"; sourceTree = "<group>"; };
		36521EFB2452A40500CB6C00 /* notification_filled@1x.png */ = {isa = PBXFileReference; lastKnownFileType = image.png; name = "notification_filled@1x.png"; path = "../../../notification_filled@1x.png"; sourceTree = "<group>"; };
		36521EFC2452A40500CB6C00 /* notification_filled@3x.png */ = {isa = PBXFileReference; lastKnownFileType = image.png; name = "notification_filled@3x.png"; path = "../../../notification_filled@3x.png"; sourceTree = "<group>"; };
		36521EFD2452A40500CB6C00 /* notifications.png */ = {isa = PBXFileReference; lastKnownFileType = image.png; name = notifications.png; path = ../../../notifications.png; sourceTree = "<group>"; };
		36521EFE2452A40500CB6C00 /* notification_filled@2x.png */ = {isa = PBXFileReference; lastKnownFileType = image.png; name = "notification_filled@2x.png"; path = "../../../notification_filled@2x.png"; sourceTree = "<group>"; };
		36521EFF2452A40500CB6C00 /* settings.png */ = {isa = PBXFileReference; lastKnownFileType = image.png; name = settings.png; path = ../../../settings.png; sourceTree = "<group>"; };
		36521F002452A40600CB6C00 /* SettingsSmall@3x.png */ = {isa = PBXFileReference; lastKnownFileType = image.png; name = "SettingsSmall@3x.png"; path = "../../../SettingsSmall@3x.png"; sourceTree = "<group>"; };
		36521F012452A40600CB6C00 /* SettingsSmall@2x.png */ = {isa = PBXFileReference; lastKnownFileType = image.png; name = "SettingsSmall@2x.png"; path = "../../../SettingsSmall@2x.png"; sourceTree = "<group>"; };
		36521F0E2452A8BD00CB6C00 /* retweet@2x.png */ = {isa = PBXFileReference; lastKnownFileType = image.png; path = "retweet@2x.png"; sourceTree = "<group>"; };
		36521F0F2452A8BD00CB6C00 /* heartFilled@2x.png */ = {isa = PBXFileReference; lastKnownFileType = image.png; path = "heartFilled@2x.png"; sourceTree = "<group>"; };
		36521F102452A8BD00CB6C00 /* heart@2x.png */ = {isa = PBXFileReference; lastKnownFileType = image.png; path = "heart@2x.png"; sourceTree = "<group>"; };
		6899032081C7E4130A56C6D4 /* Pods-TwitterReporteriOS.release.xcconfig */ = {isa = PBXFileReference; includeInIndex = 1; lastKnownFileType = text.xcconfig; name = "Pods-TwitterReporteriOS.release.xcconfig"; path = "Target Support Files/Pods-TwitterReporteriOS/Pods-TwitterReporteriOS.release.xcconfig"; sourceTree = "<group>"; };
		69C479221A283E28A6413B33 /* Pods-OneSignalNotificationServiceExtension.release.xcconfig */ = {isa = PBXFileReference; includeInIndex = 1; lastKnownFileType = text.xcconfig; name = "Pods-OneSignalNotificationServiceExtension.release.xcconfig"; path = "Target Support Files/Pods-OneSignalNotificationServiceExtension/Pods-OneSignalNotificationServiceExtension.release.xcconfig"; sourceTree = "<group>"; };
		6B7EAA76C12A588591152814 /* Pods_OneSignalNotificationServiceExtension.framework */ = {isa = PBXFileReference; explicitFileType = wrapper.framework; includeInIndex = 0; path = Pods_OneSignalNotificationServiceExtension.framework; sourceTree = BUILT_PRODUCTS_DIR; };
		80A3F2A6CB0A80B2FE383FF0 /* Pods-TwitterReporteriOS-TwitterReporteriOSUITests.debug.xcconfig */ = {isa = PBXFileReference; includeInIndex = 1; lastKnownFileType = text.xcconfig; name = "Pods-TwitterReporteriOS-TwitterReporteriOSUITests.debug.xcconfig"; path = "Target Support Files/Pods-TwitterReporteriOS-TwitterReporteriOSUITests/Pods-TwitterReporteriOS-TwitterReporteriOSUITests.debug.xcconfig"; sourceTree = "<group>"; };
		845DA1015FFBC0E8C697E3B7 /* Pods-TwitterReporteriOS-TwitterReporteriOSUITests.release.xcconfig */ = {isa = PBXFileReference; includeInIndex = 1; lastKnownFileType = text.xcconfig; name = "Pods-TwitterReporteriOS-TwitterReporteriOSUITests.release.xcconfig"; path = "Target Support Files/Pods-TwitterReporteriOS-TwitterReporteriOSUITests/Pods-TwitterReporteriOS-TwitterReporteriOSUITests.release.xcconfig"; sourceTree = "<group>"; };
		9BD781020A4FB09138D73E73 /* Pods-OneSignalNotificationServiceExtension.debug.xcconfig */ = {isa = PBXFileReference; includeInIndex = 1; lastKnownFileType = text.xcconfig; name = "Pods-OneSignalNotificationServiceExtension.debug.xcconfig"; path = "Target Support Files/Pods-OneSignalNotificationServiceExtension/Pods-OneSignalNotificationServiceExtension.debug.xcconfig"; sourceTree = "<group>"; };
		B562612E7C76DCA69110BA59 /* Pods_TwitterReporteriOS_TwitterReporteriOSUITests.framework */ = {isa = PBXFileReference; explicitFileType = wrapper.framework; includeInIndex = 0; path = Pods_TwitterReporteriOS_TwitterReporteriOSUITests.framework; sourceTree = BUILT_PRODUCTS_DIR; };
		BCD06BAFDA83437605F44C02 /* Pods_TwitterReporteriOS.framework */ = {isa = PBXFileReference; explicitFileType = wrapper.framework; includeInIndex = 0; path = Pods_TwitterReporteriOS.framework; sourceTree = BUILT_PRODUCTS_DIR; };
		E36190F869B2A6B8F4AC37A5 /* Pods-TwitterReporteriOSTests.release.xcconfig */ = {isa = PBXFileReference; includeInIndex = 1; lastKnownFileType = text.xcconfig; name = "Pods-TwitterReporteriOSTests.release.xcconfig"; path = "Target Support Files/Pods-TwitterReporteriOSTests/Pods-TwitterReporteriOSTests.release.xcconfig"; sourceTree = "<group>"; };
/* End PBXFileReference section */

/* Begin PBXFrameworksBuildPhase section */
		36521EAC2452970C00CB6C00 /* Frameworks */ = {
			isa = PBXFrameworksBuildPhase;
			buildActionMask = 2147483647;
			files = (
				AD0564C709BED09C634F61CC /* Pods_TwitterReporteriOS.framework in Frameworks */,
			);
			runOnlyForDeploymentPostprocessing = 0;
		};
		36521EC42452970F00CB6C00 /* Frameworks */ = {
			isa = PBXFrameworksBuildPhase;
			buildActionMask = 2147483647;
			files = (
				807BFDFB6C1A8F3D32871194 /* Pods_TwitterReporteriOSTests.framework in Frameworks */,
			);
			runOnlyForDeploymentPostprocessing = 0;
		};
		36521ECF2452970F00CB6C00 /* Frameworks */ = {
			isa = PBXFrameworksBuildPhase;
			buildActionMask = 2147483647;
			files = (
				55AB0ECED81C528C1A64348E /* Pods_TwitterReporteriOS_TwitterReporteriOSUITests.framework in Frameworks */,
			);
			runOnlyForDeploymentPostprocessing = 0;
		};
		36521EE5245297AF00CB6C00 /* Frameworks */ = {
			isa = PBXFrameworksBuildPhase;
			buildActionMask = 2147483647;
			files = (
				441F64DEE39056D96EE9E78D /* Pods_OneSignalNotificationServiceExtension.framework in Frameworks */,
			);
			runOnlyForDeploymentPostprocessing = 0;
		};
/* End PBXFrameworksBuildPhase section */

/* Begin PBXGroup section */
		36521EA62452970C00CB6C00 = {
			isa = PBXGroup;
			children = (
				36521EB12452970C00CB6C00 /* TwitterReporteriOS */,
				36521ECA2452970F00CB6C00 /* TwitterReporteriOSTests */,
				36521ED52452970F00CB6C00 /* TwitterReporteriOSUITests */,
				36521EE9245297AF00CB6C00 /* OneSignalNotificationServiceExtension */,
				36521EB02452970C00CB6C00 /* Products */,
				C136E4CE2C4908C4036B9B85 /* Pods */,
				CDE705D42DD59B4D854C486A /* Frameworks */,
			);
			sourceTree = "<group>";
		};
		36521EB02452970C00CB6C00 /* Products */ = {
			isa = PBXGroup;
			children = (
				36521EAF2452970C00CB6C00 /* TwitterReporteriOS.app */,
				36521EC72452970F00CB6C00 /* TwitterReporteriOSTests.xctest */,
				36521ED22452970F00CB6C00 /* TwitterReporteriOSUITests.xctest */,
				36521EE8245297AF00CB6C00 /* OneSignalNotificationServiceExtension.appex */,
			);
			name = Products;
			sourceTree = "<group>";
		};
		36521EB12452970C00CB6C00 /* TwitterReporteriOS */ = {
			isa = PBXGroup;
			children = (
				36521EF42452994E00CB6C00 /* TwitterReporteriOS.entitlements */,
				36521EB22452970C00CB6C00 /* AppDelegate.swift */,
				36521EF52452A3E100CB6C00 /* Icons */,
				36521EB42452970C00CB6C00 /* SceneDelegate.swift */,
				36521EB62452970C00CB6C00 /* FirstViewController.swift */,
				36521EB82452970C00CB6C00 /* SecondViewController.swift */,
				36521EBA2452970C00CB6C00 /* Main.storyboard */,
				36521EBD2452970F00CB6C00 /* Assets.xcassets */,
				36521EBF2452970F00CB6C00 /* LaunchScreen.storyboard */,
				36521EC22452970F00CB6C00 /* Info.plist */,
			);
			path = TwitterReporteriOS;
			sourceTree = "<group>";
		};
		36521ECA2452970F00CB6C00 /* TwitterReporteriOSTests */ = {
			isa = PBXGroup;
			children = (
				36521ECB2452970F00CB6C00 /* TwitterReporteriOSTests.swift */,
				36521ECD2452970F00CB6C00 /* Info.plist */,
			);
			path = TwitterReporteriOSTests;
			sourceTree = "<group>";
		};
		36521ED52452970F00CB6C00 /* TwitterReporteriOSUITests */ = {
			isa = PBXGroup;
			children = (
				36521ED62452970F00CB6C00 /* TwitterReporteriOSUITests.swift */,
				36521ED82452970F00CB6C00 /* Info.plist */,
			);
			path = TwitterReporteriOSUITests;
			sourceTree = "<group>";
		};
		36521EE9245297AF00CB6C00 /* OneSignalNotificationServiceExtension */ = {
			isa = PBXGroup;
			children = (
				36521EEA245297AF00CB6C00 /* NotificationService.swift */,
				36521EEC245297AF00CB6C00 /* Info.plist */,
			);
			path = OneSignalNotificationServiceExtension;
			sourceTree = "<group>";
		};
		36521EF52452A3E100CB6C00 /* Icons */ = {
			isa = PBXGroup;
			children = (
				36521F102452A8BD00CB6C00 /* heart@2x.png */,
				36521F0F2452A8BD00CB6C00 /* heartFilled@2x.png */,
				36521F0E2452A8BD00CB6C00 /* retweet@2x.png */,
				36521EF92452A40500CB6C00 /* logout.png */,
				36521EFB2452A40500CB6C00 /* notification_filled@1x.png */,
				36521EFE2452A40500CB6C00 /* notification_filled@2x.png */,
				36521EFC2452A40500CB6C00 /* notification_filled@3x.png */,
				36521EFA2452A40500CB6C00 /* notification@4x.png */,
				36521EFD2452A40500CB6C00 /* notifications.png */,
				36521EF72452A40500CB6C00 /* privacy.png */,
				36521EF62452A40500CB6C00 /* security.png */,
				36521EFF2452A40500CB6C00 /* settings.png */,
				36521F012452A40600CB6C00 /* SettingsSmall@2x.png */,
				36521F002452A40600CB6C00 /* SettingsSmall@3x.png */,
				36521EF82452A40500CB6C00 /* tutorial.png */,
			);
			path = Icons;
			sourceTree = "<group>";
		};
		C136E4CE2C4908C4036B9B85 /* Pods */ = {
			isa = PBXGroup;
			children = (
				0A56B982538B1CA539E6E897 /* Pods-TwitterReporteriOS.debug.xcconfig */,
				6899032081C7E4130A56C6D4 /* Pods-TwitterReporteriOS.release.xcconfig */,
				80A3F2A6CB0A80B2FE383FF0 /* Pods-TwitterReporteriOS-TwitterReporteriOSUITests.debug.xcconfig */,
				845DA1015FFBC0E8C697E3B7 /* Pods-TwitterReporteriOS-TwitterReporteriOSUITests.release.xcconfig */,
				2C539B2E29E619CFD460BEE3 /* Pods-TwitterReporteriOSTests.debug.xcconfig */,
				E36190F869B2A6B8F4AC37A5 /* Pods-TwitterReporteriOSTests.release.xcconfig */,
				9BD781020A4FB09138D73E73 /* Pods-OneSignalNotificationServiceExtension.debug.xcconfig */,
				69C479221A283E28A6413B33 /* Pods-OneSignalNotificationServiceExtension.release.xcconfig */,
			);
			path = Pods;
			sourceTree = "<group>";
		};
		CDE705D42DD59B4D854C486A /* Frameworks */ = {
			isa = PBXGroup;
			children = (
				BCD06BAFDA83437605F44C02 /* Pods_TwitterReporteriOS.framework */,
				B562612E7C76DCA69110BA59 /* Pods_TwitterReporteriOS_TwitterReporteriOSUITests.framework */,
				05433F92AE414E79FD8B2899 /* Pods_TwitterReporteriOSTests.framework */,
				6B7EAA76C12A588591152814 /* Pods_OneSignalNotificationServiceExtension.framework */,
			);
			name = Frameworks;
			sourceTree = "<group>";
		};
/* End PBXGroup section */

/* Begin PBXNativeTarget section */
		36521EAE2452970C00CB6C00 /* TwitterReporteriOS */ = {
			isa = PBXNativeTarget;
			buildConfigurationList = 36521EDB2452970F00CB6C00 /* Build configuration list for PBXNativeTarget "TwitterReporteriOS" */;
			buildPhases = (
				79A3BABBD9D272616C13D596 /* [CP] Check Pods Manifest.lock */,
				36521EAB2452970C00CB6C00 /* Sources */,
				36521EAC2452970C00CB6C00 /* Frameworks */,
				36521EAD2452970C00CB6C00 /* Resources */,
				36521EF0245297AF00CB6C00 /* Embed App Extensions */,
			);
			buildRules = (
			);
			dependencies = (
				36521EEE245297AF00CB6C00 /* PBXTargetDependency */,
			);
			name = TwitterReporteriOS;
			productName = TwitterReporteriOS;
			productReference = 36521EAF2452970C00CB6C00 /* TwitterReporteriOS.app */;
			productType = "com.apple.product-type.application";
		};
		36521EC62452970F00CB6C00 /* TwitterReporteriOSTests */ = {
			isa = PBXNativeTarget;
			buildConfigurationList = 36521EDE2452970F00CB6C00 /* Build configuration list for PBXNativeTarget "TwitterReporteriOSTests" */;
			buildPhases = (
				67F982586418C3CC1E0BBA38 /* [CP] Check Pods Manifest.lock */,
				36521EC32452970F00CB6C00 /* Sources */,
				36521EC42452970F00CB6C00 /* Frameworks */,
				36521EC52452970F00CB6C00 /* Resources */,
			);
			buildRules = (
			);
			dependencies = (
				36521EC92452970F00CB6C00 /* PBXTargetDependency */,
			);
			name = TwitterReporteriOSTests;
			productName = TwitterReporteriOSTests;
			productReference = 36521EC72452970F00CB6C00 /* TwitterReporteriOSTests.xctest */;
			productType = "com.apple.product-type.bundle.unit-test";
		};
		36521ED12452970F00CB6C00 /* TwitterReporteriOSUITests */ = {
			isa = PBXNativeTarget;
			buildConfigurationList = 36521EE12452970F00CB6C00 /* Build configuration list for PBXNativeTarget "TwitterReporteriOSUITests" */;
			buildPhases = (
				1262F8D9D587B560D1E6F28C /* [CP] Check Pods Manifest.lock */,
				36521ECE2452970F00CB6C00 /* Sources */,
				36521ECF2452970F00CB6C00 /* Frameworks */,
				36521ED02452970F00CB6C00 /* Resources */,
			);
			buildRules = (
			);
			dependencies = (
				36521ED42452970F00CB6C00 /* PBXTargetDependency */,
			);
			name = TwitterReporteriOSUITests;
			productName = TwitterReporteriOSUITests;
			productReference = 36521ED22452970F00CB6C00 /* TwitterReporteriOSUITests.xctest */;
			productType = "com.apple.product-type.bundle.ui-testing";
		};
		36521EE7245297AF00CB6C00 /* OneSignalNotificationServiceExtension */ = {
			isa = PBXNativeTarget;
			buildConfigurationList = 36521EF3245297AF00CB6C00 /* Build configuration list for PBXNativeTarget "OneSignalNotificationServiceExtension" */;
			buildPhases = (
				F3E53367F35F5FC0189CF552 /* [CP] Check Pods Manifest.lock */,
				36521EE4245297AF00CB6C00 /* Sources */,
				36521EE5245297AF00CB6C00 /* Frameworks */,
				36521EE6245297AF00CB6C00 /* Resources */,
			);
			buildRules = (
			);
			dependencies = (
			);
			name = OneSignalNotificationServiceExtension;
			productName = OneSignalNotificationServiceExtension;
			productReference = 36521EE8245297AF00CB6C00 /* OneSignalNotificationServiceExtension.appex */;
			productType = "com.apple.product-type.app-extension";
		};
/* End PBXNativeTarget section */

/* Begin PBXProject section */
		36521EA72452970C00CB6C00 /* Project object */ = {
			isa = PBXProject;
			attributes = {
				LastSwiftUpdateCheck = 1140;
				LastUpgradeCheck = 1140;
				ORGANIZATIONNAME = "Yale University";
				TargetAttributes = {
					36521EAE2452970C00CB6C00 = {
						CreatedOnToolsVersion = 11.4.1;
					};
					36521EC62452970F00CB6C00 = {
						CreatedOnToolsVersion = 11.4.1;
						TestTargetID = 36521EAE2452970C00CB6C00;
					};
					36521ED12452970F00CB6C00 = {
						CreatedOnToolsVersion = 11.4.1;
						TestTargetID = 36521EAE2452970C00CB6C00;
					};
					36521EE7245297AF00CB6C00 = {
						CreatedOnToolsVersion = 11.4.1;
					};
				};
			};
			buildConfigurationList = 36521EAA2452970C00CB6C00 /* Build configuration list for PBXProject "TwitterReporteriOS" */;
			compatibilityVersion = "Xcode 9.3";
			developmentRegion = en;
			hasScannedForEncodings = 0;
			knownRegions = (
				en,
				Base,
			);
			mainGroup = 36521EA62452970C00CB6C00;
			productRefGroup = 36521EB02452970C00CB6C00 /* Products */;
			projectDirPath = "";
			projectRoot = "";
			targets = (
				36521EAE2452970C00CB6C00 /* TwitterReporteriOS */,
				36521EC62452970F00CB6C00 /* TwitterReporteriOSTests */,
				36521ED12452970F00CB6C00 /* TwitterReporteriOSUITests */,
				36521EE7245297AF00CB6C00 /* OneSignalNotificationServiceExtension */,
			);
		};
/* End PBXProject section */

/* Begin PBXResourcesBuildPhase section */
		36521EAD2452970C00CB6C00 /* Resources */ = {
			isa = PBXResourcesBuildPhase;
			buildActionMask = 2147483647;
			files = (
				36521EC12452970F00CB6C00 /* LaunchScreen.storyboard in Resources */,
				36521F062452A40600CB6C00 /* notification@4x.png in Resources */,
				36521F0C2452A40600CB6C00 /* SettingsSmall@3x.png in Resources */,
				36521F072452A40600CB6C00 /* notification_filled@1x.png in Resources */,
				36521EBE2452970F00CB6C00 /* Assets.xcassets in Resources */,
				36521F092452A40600CB6C00 /* notifications.png in Resources */,
				36521F0A2452A40600CB6C00 /* notification_filled@2x.png in Resources */,
				36521F082452A40600CB6C00 /* notification_filled@3x.png in Resources */,
				36521EBC2452970C00CB6C00 /* Main.storyboard in Resources */,
				36521F042452A40600CB6C00 /* tutorial.png in Resources */,
				36521F0D2452A40600CB6C00 /* SettingsSmall@2x.png in Resources */,
				36521F112452A8BD00CB6C00 /* retweet@2x.png in Resources */,
				36521F052452A40600CB6C00 /* logout.png in Resources */,
				36521F0B2452A40600CB6C00 /* settings.png in Resources */,
				36521F032452A40600CB6C00 /* privacy.png in Resources */,
				36521F132452A8BD00CB6C00 /* heart@2x.png in Resources */,
				36521F122452A8BD00CB6C00 /* heartFilled@2x.png in Resources */,
				36521F022452A40600CB6C00 /* security.png in Resources */,
			);
			runOnlyForDeploymentPostprocessing = 0;
		};
		36521EC52452970F00CB6C00 /* Resources */ = {
			isa = PBXResourcesBuildPhase;
			buildActionMask = 2147483647;
			files = (
			);
			runOnlyForDeploymentPostprocessing = 0;
		};
		36521ED02452970F00CB6C00 /* Resources */ = {
			isa = PBXResourcesBuildPhase;
			buildActionMask = 2147483647;
			files = (
			);
			runOnlyForDeploymentPostprocessing = 0;
		};
		36521EE6245297AF00CB6C00 /* Resources */ = {
			isa = PBXResourcesBuildPhase;
			buildActionMask = 2147483647;
			files = (
			);
			runOnlyForDeploymentPostprocessing = 0;
		};
/* End PBXResourcesBuildPhase section */

/* Begin PBXShellScriptBuildPhase section */
		1262F8D9D587B560D1E6F28C /* [CP] Check Pods Manifest.lock */ = {
			isa = PBXShellScriptBuildPhase;
			buildActionMask = 2147483647;
			files = (
			);
			inputFileListPaths = (
			);
			inputPaths = (
				"${PODS_PODFILE_DIR_PATH}/Podfile.lock",
				"${PODS_ROOT}/Manifest.lock",
			);
			name = "[CP] Check Pods Manifest.lock";
			outputFileListPaths = (
			);
			outputPaths = (
				"$(DERIVED_FILE_DIR)/Pods-TwitterReporteriOS-TwitterReporteriOSUITests-checkManifestLockResult.txt",
			);
			runOnlyForDeploymentPostprocessing = 0;
			shellPath = /bin/sh;
			shellScript = "diff \"${PODS_PODFILE_DIR_PATH}/Podfile.lock\" \"${PODS_ROOT}/Manifest.lock\" > /dev/null\nif [ $? != 0 ] ; then\n    # print error to STDERR\n    echo \"error: The sandbox is not in sync with the Podfile.lock. Run 'pod install' or update your CocoaPods installation.\" >&2\n    exit 1\nfi\n# This output is used by Xcode 'outputs' to avoid re-running this script phase.\necho \"SUCCESS\" > \"${SCRIPT_OUTPUT_FILE_0}\"\n";
			showEnvVarsInLog = 0;
		};
		67F982586418C3CC1E0BBA38 /* [CP] Check Pods Manifest.lock */ = {
			isa = PBXShellScriptBuildPhase;
			buildActionMask = 2147483647;
			files = (
			);
			inputFileListPaths = (
			);
			inputPaths = (
				"${PODS_PODFILE_DIR_PATH}/Podfile.lock",
				"${PODS_ROOT}/Manifest.lock",
			);
			name = "[CP] Check Pods Manifest.lock";
			outputFileListPaths = (
			);
			outputPaths = (
				"$(DERIVED_FILE_DIR)/Pods-TwitterReporteriOSTests-checkManifestLockResult.txt",
			);
			runOnlyForDeploymentPostprocessing = 0;
			shellPath = /bin/sh;
			shellScript = "diff \"${PODS_PODFILE_DIR_PATH}/Podfile.lock\" \"${PODS_ROOT}/Manifest.lock\" > /dev/null\nif [ $? != 0 ] ; then\n    # print error to STDERR\n    echo \"error: The sandbox is not in sync with the Podfile.lock. Run 'pod install' or update your CocoaPods installation.\" >&2\n    exit 1\nfi\n# This output is used by Xcode 'outputs' to avoid re-running this script phase.\necho \"SUCCESS\" > \"${SCRIPT_OUTPUT_FILE_0}\"\n";
			showEnvVarsInLog = 0;
		};
		79A3BABBD9D272616C13D596 /* [CP] Check Pods Manifest.lock */ = {
			isa = PBXShellScriptBuildPhase;
			buildActionMask = 2147483647;
			files = (
			);
			inputFileListPaths = (
			);
			inputPaths = (
				"${PODS_PODFILE_DIR_PATH}/Podfile.lock",
				"${PODS_ROOT}/Manifest.lock",
			);
			name = "[CP] Check Pods Manifest.lock";
			outputFileListPaths = (
			);
			outputPaths = (
				"$(DERIVED_FILE_DIR)/Pods-TwitterReporteriOS-checkManifestLockResult.txt",
			);
			runOnlyForDeploymentPostprocessing = 0;
			shellPath = /bin/sh;
			shellScript = "diff \"${PODS_PODFILE_DIR_PATH}/Podfile.lock\" \"${PODS_ROOT}/Manifest.lock\" > /dev/null\nif [ $? != 0 ] ; then\n    # print error to STDERR\n    echo \"error: The sandbox is not in sync with the Podfile.lock. Run 'pod install' or update your CocoaPods installation.\" >&2\n    exit 1\nfi\n# This output is used by Xcode 'outputs' to avoid re-running this script phase.\necho \"SUCCESS\" > \"${SCRIPT_OUTPUT_FILE_0}\"\n";
			showEnvVarsInLog = 0;
		};
		F3E53367F35F5FC0189CF552 /* [CP] Check Pods Manifest.lock */ = {
			isa = PBXShellScriptBuildPhase;
			buildActionMask = 2147483647;
			files = (
			);
			inputFileListPaths = (
			);
			inputPaths = (
				"${PODS_PODFILE_DIR_PATH}/Podfile.lock",
				"${PODS_ROOT}/Manifest.lock",
			);
			name = "[CP] Check Pods Manifest.lock";
			outputFileListPaths = (
			);
			outputPaths = (
				"$(DERIVED_FILE_DIR)/Pods-OneSignalNotificationServiceExtension-checkManifestLockResult.txt",
			);
			runOnlyForDeploymentPostprocessing = 0;
			shellPath = /bin/sh;
			shellScript = "diff \"${PODS_PODFILE_DIR_PATH}/Podfile.lock\" \"${PODS_ROOT}/Manifest.lock\" > /dev/null\nif [ $? != 0 ] ; then\n    # print error to STDERR\n    echo \"error: The sandbox is not in sync with the Podfile.lock. Run 'pod install' or update your CocoaPods installation.\" >&2\n    exit 1\nfi\n# This output is used by Xcode 'outputs' to avoid re-running this script phase.\necho \"SUCCESS\" > \"${SCRIPT_OUTPUT_FILE_0}\"\n";
			showEnvVarsInLog = 0;
		};
/* End PBXShellScriptBuildPhase section */

/* Begin PBXSourcesBuildPhase section */
		36521EAB2452970C00CB6C00 /* Sources */ = {
			isa = PBXSourcesBuildPhase;
			buildActionMask = 2147483647;
			files = (
				36521EB92452970C00CB6C00 /* SecondViewController.swift in Sources */,
				36521EB72452970C00CB6C00 /* FirstViewController.swift in Sources */,
				36521EB32452970C00CB6C00 /* AppDelegate.swift in Sources */,
				36521EB52452970C00CB6C00 /* SceneDelegate.swift in Sources */,
			);
			runOnlyForDeploymentPostprocessing = 0;
		};
		36521EC32452970F00CB6C00 /* Sources */ = {
			isa = PBXSourcesBuildPhase;
			buildActionMask = 2147483647;
			files = (
				36521ECC2452970F00CB6C00 /* TwitterReporteriOSTests.swift in Sources */,
			);
			runOnlyForDeploymentPostprocessing = 0;
		};
		36521ECE2452970F00CB6C00 /* Sources */ = {
			isa = PBXSourcesBuildPhase;
			buildActionMask = 2147483647;
			files = (
				36521ED72452970F00CB6C00 /* TwitterReporteriOSUITests.swift in Sources */,
			);
			runOnlyForDeploymentPostprocessing = 0;
		};
		36521EE4245297AF00CB6C00 /* Sources */ = {
			isa = PBXSourcesBuildPhase;
			buildActionMask = 2147483647;
			files = (
				36521EEB245297AF00CB6C00 /* NotificationService.swift in Sources */,
			);
			runOnlyForDeploymentPostprocessing = 0;
		};
/* End PBXSourcesBuildPhase section */

/* Begin PBXTargetDependency section */
		36521EC92452970F00CB6C00 /* PBXTargetDependency */ = {
			isa = PBXTargetDependency;
			target = 36521EAE2452970C00CB6C00 /* TwitterReporteriOS */;
			targetProxy = 36521EC82452970F00CB6C00 /* PBXContainerItemProxy */;
		};
		36521ED42452970F00CB6C00 /* PBXTargetDependency */ = {
			isa = PBXTargetDependency;
			target = 36521EAE2452970C00CB6C00 /* TwitterReporteriOS */;
			targetProxy = 36521ED32452970F00CB6C00 /* PBXContainerItemProxy */;
		};
		36521EEE245297AF00CB6C00 /* PBXTargetDependency */ = {
			isa = PBXTargetDependency;
			target = 36521EE7245297AF00CB6C00 /* OneSignalNotificationServiceExtension */;
			targetProxy = 36521EED245297AF00CB6C00 /* PBXContainerItemProxy */;
		};
/* End PBXTargetDependency section */

/* Begin PBXVariantGroup section */
		36521EBA2452970C00CB6C00 /* Main.storyboard */ = {
			isa = PBXVariantGroup;
			children = (
				36521EBB2452970C00CB6C00 /* Base */,
			);
			name = Main.storyboard;
			sourceTree = "<group>";
		};
		36521EBF2452970F00CB6C00 /* LaunchScreen.storyboard */ = {
			isa = PBXVariantGroup;
			children = (
				36521EC02452970F00CB6C00 /* Base */,
			);
			name = LaunchScreen.storyboard;
			sourceTree = "<group>";
		};
/* End PBXVariantGroup section */

/* Begin XCBuildConfiguration section */
		36521ED92452970F00CB6C00 /* Debug */ = {
			isa = XCBuildConfiguration;
			buildSettings = {
				ALWAYS_SEARCH_USER_PATHS = NO;
				CLANG_ANALYZER_NONNULL = YES;
				CLANG_ANALYZER_NUMBER_OBJECT_CONVERSION = YES_AGGRESSIVE;
				CLANG_CXX_LANGUAGE_STANDARD = "gnu++14";
				CLANG_CXX_LIBRARY = "libc++";
				CLANG_ENABLE_MODULES = YES;
				CLANG_ENABLE_OBJC_ARC = YES;
				CLANG_ENABLE_OBJC_WEAK = YES;
				CLANG_WARN_BLOCK_CAPTURE_AUTORELEASING = YES;
				CLANG_WARN_BOOL_CONVERSION = YES;
				CLANG_WARN_COMMA = YES;
				CLANG_WARN_CONSTANT_CONVERSION = YES;
				CLANG_WARN_DEPRECATED_OBJC_IMPLEMENTATIONS = YES;
				CLANG_WARN_DIRECT_OBJC_ISA_USAGE = YES_ERROR;
				CLANG_WARN_DOCUMENTATION_COMMENTS = YES;
				CLANG_WARN_EMPTY_BODY = YES;
				CLANG_WARN_ENUM_CONVERSION = YES;
				CLANG_WARN_INFINITE_RECURSION = YES;
				CLANG_WARN_INT_CONVERSION = YES;
				CLANG_WARN_NON_LITERAL_NULL_CONVERSION = YES;
				CLANG_WARN_OBJC_IMPLICIT_RETAIN_SELF = YES;
				CLANG_WARN_OBJC_LITERAL_CONVERSION = YES;
				CLANG_WARN_OBJC_ROOT_CLASS = YES_ERROR;
				CLANG_WARN_RANGE_LOOP_ANALYSIS = YES;
				CLANG_WARN_STRICT_PROTOTYPES = YES;
				CLANG_WARN_SUSPICIOUS_MOVE = YES;
				CLANG_WARN_UNGUARDED_AVAILABILITY = YES_AGGRESSIVE;
				CLANG_WARN_UNREACHABLE_CODE = YES;
				CLANG_WARN__DUPLICATE_METHOD_MATCH = YES;
				COPY_PHASE_STRIP = NO;
				DEBUG_INFORMATION_FORMAT = dwarf;
				ENABLE_STRICT_OBJC_MSGSEND = YES;
				ENABLE_TESTABILITY = YES;
				GCC_C_LANGUAGE_STANDARD = gnu11;
				GCC_DYNAMIC_NO_PIC = NO;
				GCC_NO_COMMON_BLOCKS = YES;
				GCC_OPTIMIZATION_LEVEL = 0;
				GCC_PREPROCESSOR_DEFINITIONS = (
					"DEBUG=1",
					"$(inherited)",
				);
				GCC_WARN_64_TO_32_BIT_CONVERSION = YES;
				GCC_WARN_ABOUT_RETURN_TYPE = YES_ERROR;
				GCC_WARN_UNDECLARED_SELECTOR = YES;
				GCC_WARN_UNINITIALIZED_AUTOS = YES_AGGRESSIVE;
				GCC_WARN_UNUSED_FUNCTION = YES;
				GCC_WARN_UNUSED_VARIABLE = YES;
				IPHONEOS_DEPLOYMENT_TARGET = 13.0;
				MTL_ENABLE_DEBUG_INFO = INCLUDE_SOURCE;
				MTL_FAST_MATH = YES;
				ONLY_ACTIVE_ARCH = YES;
				SDKROOT = iphoneos;
				SWIFT_ACTIVE_COMPILATION_CONDITIONS = DEBUG;
				SWIFT_OPTIMIZATION_LEVEL = "-Onone";
			};
			name = Debug;
		};
		36521EDA2452970F00CB6C00 /* Release */ = {
			isa = XCBuildConfiguration;
			buildSettings = {
				ALWAYS_SEARCH_USER_PATHS = NO;
				CLANG_ANALYZER_NONNULL = YES;
				CLANG_ANALYZER_NUMBER_OBJECT_CONVERSION = YES_AGGRESSIVE;
				CLANG_CXX_LANGUAGE_STANDARD = "gnu++14";
				CLANG_CXX_LIBRARY = "libc++";
				CLANG_ENABLE_MODULES = YES;
				CLANG_ENABLE_OBJC_ARC = YES;
				CLANG_ENABLE_OBJC_WEAK = YES;
				CLANG_WARN_BLOCK_CAPTURE_AUTORELEASING = YES;
				CLANG_WARN_BOOL_CONVERSION = YES;
				CLANG_WARN_COMMA = YES;
				CLANG_WARN_CONSTANT_CONVERSION = YES;
				CLANG_WARN_DEPRECATED_OBJC_IMPLEMENTATIONS = YES;
				CLANG_WARN_DIRECT_OBJC_ISA_USAGE = YES_ERROR;
				CLANG_WARN_DOCUMENTATION_COMMENTS = YES;
				CLANG_WARN_EMPTY_BODY = YES;
				CLANG_WARN_ENUM_CONVERSION = YES;
				CLANG_WARN_INFINITE_RECURSION = YES;
				CLANG_WARN_INT_CONVERSION = YES;
				CLANG_WARN_NON_LITERAL_NULL_CONVERSION = YES;
				CLANG_WARN_OBJC_IMPLICIT_RETAIN_SELF = YES;
				CLANG_WARN_OBJC_LITERAL_CONVERSION = YES;
				CLANG_WARN_OBJC_ROOT_CLASS = YES_ERROR;
				CLANG_WARN_RANGE_LOOP_ANALYSIS = YES;
				CLANG_WARN_STRICT_PROTOTYPES = YES;
				CLANG_WARN_SUSPICIOUS_MOVE = YES;
				CLANG_WARN_UNGUARDED_AVAILABILITY = YES_AGGRESSIVE;
				CLANG_WARN_UNREACHABLE_CODE = YES;
				CLANG_WARN__DUPLICATE_METHOD_MATCH = YES;
				COPY_PHASE_STRIP = NO;
				DEBUG_INFORMATION_FORMAT = "dwarf-with-dsym";
				ENABLE_NS_ASSERTIONS = NO;
				ENABLE_STRICT_OBJC_MSGSEND = YES;
				GCC_C_LANGUAGE_STANDARD = gnu11;
				GCC_NO_COMMON_BLOCKS = YES;
				GCC_WARN_64_TO_32_BIT_CONVERSION = YES;
				GCC_WARN_ABOUT_RETURN_TYPE = YES_ERROR;
				GCC_WARN_UNDECLARED_SELECTOR = YES;
				GCC_WARN_UNINITIALIZED_AUTOS = YES_AGGRESSIVE;
				GCC_WARN_UNUSED_FUNCTION = YES;
				GCC_WARN_UNUSED_VARIABLE = YES;
				IPHONEOS_DEPLOYMENT_TARGET = 13.0;
				MTL_ENABLE_DEBUG_INFO = NO;
				MTL_FAST_MATH = YES;
				SDKROOT = iphoneos;
				SWIFT_COMPILATION_MODE = wholemodule;
				SWIFT_OPTIMIZATION_LEVEL = "-O";
				VALIDATE_PRODUCT = YES;
			};
			name = Release;
		};
		36521EDC2452970F00CB6C00 /* Debug */ = {
			isa = XCBuildConfiguration;
			baseConfigurationReference = 0A56B982538B1CA539E6E897 /* Pods-TwitterReporteriOS.debug.xcconfig */;
			buildSettings = {
				ALWAYS_EMBED_SWIFT_STANDARD_LIBRARIES = YES;
				ASSETCATALOG_COMPILER_APPICON_NAME = AppIcon;
				CODE_SIGN_ENTITLEMENTS = TwitterReporteriOS/TwitterReporteriOS.entitlements;
				CODE_SIGN_STYLE = Automatic;
				DEVELOPMENT_TEAM = 7933NKJF62;
				INFOPLIST_FILE = TwitterReporteriOS/Info.plist;
				LD_RUNPATH_SEARCH_PATHS = (
					"$(inherited)",
					"@executable_path/Frameworks",
				);
				PRODUCT_BUNDLE_IDENTIFIER = YaleUniversity.TwitterReporteriOS;
				PRODUCT_NAME = "$(TARGET_NAME)";
				SWIFT_VERSION = 5.0;
				TARGETED_DEVICE_FAMILY = "1,2";
			};
			name = Debug;
		};
		36521EDD2452970F00CB6C00 /* Release */ = {
			isa = XCBuildConfiguration;
			baseConfigurationReference = 6899032081C7E4130A56C6D4 /* Pods-TwitterReporteriOS.release.xcconfig */;
			buildSettings = {
				ALWAYS_EMBED_SWIFT_STANDARD_LIBRARIES = YES;
				ASSETCATALOG_COMPILER_APPICON_NAME = AppIcon;
				CODE_SIGN_ENTITLEMENTS = TwitterReporteriOS/TwitterReporteriOS.entitlements;
				CODE_SIGN_STYLE = Automatic;
				DEVELOPMENT_TEAM = 7933NKJF62;
				INFOPLIST_FILE = TwitterReporteriOS/Info.plist;
				LD_RUNPATH_SEARCH_PATHS = (
					"$(inherited)",
					"@executable_path/Frameworks",
				);
				PRODUCT_BUNDLE_IDENTIFIER = YaleUniversity.TwitterReporteriOS;
				PRODUCT_NAME = "$(TARGET_NAME)";
				SWIFT_VERSION = 5.0;
				TARGETED_DEVICE_FAMILY = "1,2";
			};
			name = Release;
		};
		36521EDF2452970F00CB6C00 /* Debug */ = {
			isa = XCBuildConfiguration;
			baseConfigurationReference = 2C539B2E29E619CFD460BEE3 /* Pods-TwitterReporteriOSTests.debug.xcconfig */;
			buildSettings = {
				ALWAYS_EMBED_SWIFT_STANDARD_LIBRARIES = YES;
				BUNDLE_LOADER = "$(TEST_HOST)";
				CODE_SIGN_STYLE = Automatic;
				DEVELOPMENT_TEAM = 7933NKJF62;
				INFOPLIST_FILE = TwitterReporteriOSTests/Info.plist;
				IPHONEOS_DEPLOYMENT_TARGET = 13.4;
				LD_RUNPATH_SEARCH_PATHS = (
					"$(inherited)",
					"@executable_path/Frameworks",
					"@loader_path/Frameworks",
				);
				PRODUCT_BUNDLE_IDENTIFIER = YaleUniversity.TwitterReporteriOSTests;
				PRODUCT_NAME = "$(TARGET_NAME)";
				SWIFT_VERSION = 5.0;
				TARGETED_DEVICE_FAMILY = "1,2";
				TEST_HOST = "$(BUILT_PRODUCTS_DIR)/TwitterReporteriOS.app/TwitterReporteriOS";
			};
			name = Debug;
		};
		36521EE02452970F00CB6C00 /* Release */ = {
			isa = XCBuildConfiguration;
			baseConfigurationReference = E36190F869B2A6B8F4AC37A5 /* Pods-TwitterReporteriOSTests.release.xcconfig */;
			buildSettings = {
				ALWAYS_EMBED_SWIFT_STANDARD_LIBRARIES = YES;
				BUNDLE_LOADER = "$(TEST_HOST)";
				CODE_SIGN_STYLE = Automatic;
				DEVELOPMENT_TEAM = 7933NKJF62;
				INFOPLIST_FILE = TwitterReporteriOSTests/Info.plist;
				IPHONEOS_DEPLOYMENT_TARGET = 13.4;
				LD_RUNPATH_SEARCH_PATHS = (
					"$(inherited)",
					"@executable_path/Frameworks",
					"@loader_path/Frameworks",
				);
				PRODUCT_BUNDLE_IDENTIFIER = YaleUniversity.TwitterReporteriOSTests;
				PRODUCT_NAME = "$(TARGET_NAME)";
				SWIFT_VERSION = 5.0;
				TARGETED_DEVICE_FAMILY = "1,2";
				TEST_HOST = "$(BUILT_PRODUCTS_DIR)/TwitterReporteriOS.app/TwitterReporteriOS";
			};
			name = Release;
		};
		36521EE22452970F00CB6C00 /* Debug */ = {
			isa = XCBuildConfiguration;
			baseConfigurationReference = 80A3F2A6CB0A80B2FE383FF0 /* Pods-TwitterReporteriOS-TwitterReporteriOSUITests.debug.xcconfig */;
			buildSettings = {
				ALWAYS_EMBED_SWIFT_STANDARD_LIBRARIES = YES;
				CODE_SIGN_STYLE = Automatic;
				DEVELOPMENT_TEAM = 7933NKJF62;
				INFOPLIST_FILE = TwitterReporteriOSUITests/Info.plist;
				LD_RUNPATH_SEARCH_PATHS = (
					"$(inherited)",
					"@executable_path/Frameworks",
					"@loader_path/Frameworks",
				);
				PRODUCT_BUNDLE_IDENTIFIER = YaleUniversity.TwitterReporteriOSUITests;
				PRODUCT_NAME = "$(TARGET_NAME)";
				SWIFT_VERSION = 5.0;
				TARGETED_DEVICE_FAMILY = "1,2";
				TEST_TARGET_NAME = TwitterReporteriOS;
			};
			name = Debug;
		};
		36521EE32452970F00CB6C00 /* Release */ = {
			isa = XCBuildConfiguration;
			baseConfigurationReference = 845DA1015FFBC0E8C697E3B7 /* Pods-TwitterReporteriOS-TwitterReporteriOSUITests.release.xcconfig */;
			buildSettings = {
				ALWAYS_EMBED_SWIFT_STANDARD_LIBRARIES = YES;
				CODE_SIGN_STYLE = Automatic;
				DEVELOPMENT_TEAM = 7933NKJF62;
				INFOPLIST_FILE = TwitterReporteriOSUITests/Info.plist;
				LD_RUNPATH_SEARCH_PATHS = (
					"$(inherited)",
					"@executable_path/Frameworks",
					"@loader_path/Frameworks",
				);
				PRODUCT_BUNDLE_IDENTIFIER = YaleUniversity.TwitterReporteriOSUITests;
				PRODUCT_NAME = "$(TARGET_NAME)";
				SWIFT_VERSION = 5.0;
				TARGETED_DEVICE_FAMILY = "1,2";
				TEST_TARGET_NAME = TwitterReporteriOS;
			};
			name = Release;
		};
		36521EF1245297AF00CB6C00 /* Debug */ = {
			isa = XCBuildConfiguration;
			baseConfigurationReference = 9BD781020A4FB09138D73E73 /* Pods-OneSignalNotificationServiceExtension.debug.xcconfig */;
			buildSettings = {
				CODE_SIGN_STYLE = Automatic;
				DEVELOPMENT_TEAM = 7933NKJF62;
				INFOPLIST_FILE = OneSignalNotificationServiceExtension/Info.plist;
				IPHONEOS_DEPLOYMENT_TARGET = 10.3;
				LD_RUNPATH_SEARCH_PATHS = (
					"$(inherited)",
					"@executable_path/Frameworks",
					"@executable_path/../../Frameworks",
				);
				PRODUCT_BUNDLE_IDENTIFIER = YaleUniversity.TwitterReporteriOS.OneSignalNotificationServiceExtension;
				PRODUCT_NAME = "$(TARGET_NAME)";
				SKIP_INSTALL = YES;
				SWIFT_VERSION = 5.0;
				TARGETED_DEVICE_FAMILY = "1,2";
			};
			name = Debug;
		};
		36521EF2245297AF00CB6C00 /* Release */ = {
			isa = XCBuildConfiguration;
			baseConfigurationReference = 69C479221A283E28A6413B33 /* Pods-OneSignalNotificationServiceExtension.release.xcconfig */;
			buildSettings = {
				CODE_SIGN_STYLE = Automatic;
				DEVELOPMENT_TEAM = 7933NKJF62;
				INFOPLIST_FILE = OneSignalNotificationServiceExtension/Info.plist;
				IPHONEOS_DEPLOYMENT_TARGET = 10.3;
				LD_RUNPATH_SEARCH_PATHS = (
					"$(inherited)",
					"@executable_path/Frameworks",
					"@executable_path/../../Frameworks",
				);
				PRODUCT_BUNDLE_IDENTIFIER = YaleUniversity.TwitterReporteriOS.OneSignalNotificationServiceExtension;
				PRODUCT_NAME = "$(TARGET_NAME)";
				SKIP_INSTALL = YES;
				SWIFT_VERSION = 5.0;
				TARGETED_DEVICE_FAMILY = "1,2";
			};
			name = Release;
		};
/* End XCBuildConfiguration section */

/* Begin XCConfigurationList section */
		36521EAA2452970C00CB6C00 /* Build configuration list for PBXProject "TwitterReporteriOS" */ = {
			isa = XCConfigurationList;
			buildConfigurations = (
				36521ED92452970F00CB6C00 /* Debug */,
				36521EDA2452970F00CB6C00 /* Release */,
			);
			defaultConfigurationIsVisible = 0;
			defaultConfigurationName = Release;
		};
		36521EDB2452970F00CB6C00 /* Build configuration list for PBXNativeTarget "TwitterReporteriOS" */ = {
			isa = XCConfigurationList;
			buildConfigurations = (
				36521EDC2452970F00CB6C00 /* Debug */,
				36521EDD2452970F00CB6C00 /* Release */,
			);
			defaultConfigurationIsVisible = 0;
			defaultConfigurationName = Release;
		};
		36521EDE2452970F00CB6C00 /* Build configuration list for PBXNativeTarget "TwitterReporteriOSTests" */ = {
			isa = XCConfigurationList;
			buildConfigurations = (
				36521EDF2452970F00CB6C00 /* Debug */,
				36521EE02452970F00CB6C00 /* Release */,
			);
			defaultConfigurationIsVisible = 0;
			defaultConfigurationName = Release;
		};
		36521EE12452970F00CB6C00 /* Build configuration list for PBXNativeTarget "TwitterReporteriOSUITests" */ = {
			isa = XCConfigurationList;
			buildConfigurations = (
				36521EE22452970F00CB6C00 /* Debug */,
				36521EE32452970F00CB6C00 /* Release */,
			);
			defaultConfigurationIsVisible = 0;
			defaultConfigurationName = Release;
		};
		36521EF3245297AF00CB6C00 /* Build configuration list for PBXNativeTarget "OneSignalNotificationServiceExtension" */ = {
			isa = XCConfigurationList;
			buildConfigurations = (
				36521EF1245297AF00CB6C00 /* Debug */,
				36521EF2245297AF00CB6C00 /* Release */,
			);
			defaultConfigurationIsVisible = 0;
			defaultConfigurationName = Release;
		};
/* End XCConfigurationList section */
	};
	rootObject = 36521EA72452970C00CB6C00 /* Project object */;
}
